
Microsoft Visual Studio Solution File, Format Version 12.00
# Visual Studio Version 17
VisualStudioVersion = 17.3.32901.215
MinimumVisualStudioVersion = 10.0.40219.1
Project("{FAE04EC0-301F-11D3-BF4B-00C04F79EFBC}") = "task-35", "task-35.csproj", "{866DBEC7-4E51-4528-B7CC-679589710BBB}"
EndProject
Global
	GlobalSection(SolutionConfigurationPlatforms) = preSolution
		Debug|Any CPU = Debug|Any CPU
		Release|Any CPU = Release|Any CPU
	EndGlobalSection
	GlobalSection(ProjectConfigurationPlatforms) = postSolution
		{866DBEC7-4E51-4528-B7CC-679589710BBB}.Debug|Any CPU.ActiveCfg = Debug|Any CPU
		{866DBEC7-4E51-4528-B7CC-679589710BBB}.Debug|Any CPU.Build.0 = Debug|Any CPU
		{866DBEC7-4E51-4528-B7CC-679589710BBB}.Release|Any CPU.ActiveCfg = Release|Any CPU
		{866DBEC7-4E51-4528-B7CC-679589710BBB}.Release|Any CPU.Build.0 = Release|Any CPU
	EndGlobalSection
	GlobalSection(SolutionProperties) = preSolution
		HideSolutionNode = FALSE
	EndGlobalSection
	GlobalSection(ExtensibilityGlobals) = postSolution
		SolutionGuid = {551A0B97-835B-47B9-B18E-516CE0BC642B}
	EndGlobalSection
EndGlobal
