
Microsoft Visual Studio Solution File, Format Version 12.00
# Visual Studio Version 17
VisualStudioVersion = 17.3.32929.385
MinimumVisualStudioVersion = 10.0.40219.1
Project("{FAE04EC0-301F-11D3-BF4B-00C04F79EFBC}") = "T9Vehicle", "T9Vehicle.csproj", "{8566A59E-C3C1-44E0-9360-DF38740E2C96}"
EndProject
Global
	GlobalSection(SolutionConfigurationPlatforms) = preSolution
		Debug|Any CPU = Debug|Any CPU
		Release|Any CPU = Release|Any CPU
	EndGlobalSection
	GlobalSection(ProjectConfigurationPlatforms) = postSolution
		{8566A59E-C3C1-44E0-9360-DF38740E2C96}.Debug|Any CPU.ActiveCfg = Debug|Any CPU
		{8566A59E-C3C1-44E0-9360-DF38740E2C96}.Debug|Any CPU.Build.0 = Debug|Any CPU
		{8566A59E-C3C1-44E0-9360-DF38740E2C96}.Release|Any CPU.ActiveCfg = Release|Any CPU
		{8566A59E-C3C1-44E0-9360-DF38740E2C96}.Release|Any CPU.Build.0 = Release|Any CPU
	EndGlobalSection
	GlobalSection(SolutionProperties) = preSolution
		HideSolutionNode = FALSE
	EndGlobalSection
	GlobalSection(ExtensibilityGlobals) = postSolution
		SolutionGuid = {3CAF88A4-0A34-4A1E-A767-8C15639DC1C5}
	EndGlobalSection
EndGlobal
