
Microsoft Visual Studio Solution File, Format Version 12.00
# Visual Studio Version 17
VisualStudioVersion = 17.3.32901.215
MinimumVisualStudioVersion = 10.0.40219.1
Project("{FAE04EC0-301F-11D3-BF4B-00C04F79EFBC}") = "task33", "task33.csproj", "{91E82A56-8F75-41FA-8583-44A84BC05B2D}"
EndProject
Global
	GlobalSection(SolutionConfigurationPlatforms) = preSolution
		Debug|Any CPU = Debug|Any CPU
		Release|Any CPU = Release|Any CPU
	EndGlobalSection
	GlobalSection(ProjectConfigurationPlatforms) = postSolution
		{91E82A56-8F75-41FA-8583-44A84BC05B2D}.Debug|Any CPU.ActiveCfg = Debug|Any CPU
		{91E82A56-8F75-41FA-8583-44A84BC05B2D}.Debug|Any CPU.Build.0 = Debug|Any CPU
		{91E82A56-8F75-41FA-8583-44A84BC05B2D}.Release|Any CPU.ActiveCfg = Release|Any CPU
		{91E82A56-8F75-41FA-8583-44A84BC05B2D}.Release|Any CPU.Build.0 = Release|Any CPU
	EndGlobalSection
	GlobalSection(SolutionProperties) = preSolution
		HideSolutionNode = FALSE
	EndGlobalSection
	GlobalSection(ExtensibilityGlobals) = postSolution
		SolutionGuid = {B0CF17CA-3472-4AEC-9EBC-6BACA0EED215}
	EndGlobalSection
EndGlobal
