
Microsoft Visual Studio Solution File, Format Version 12.00
# Visual Studio Version 17
VisualStudioVersion = 17.3.32901.215
MinimumVisualStudioVersion = 10.0.40219.1
Project("{FAE04EC0-301F-11D3-BF4B-00C04F79EFBC}") = "task-16", "task-16.csproj", "{28336328-1383-4736-922E-247181EE7F24}"
EndProject
Global
	GlobalSection(SolutionConfigurationPlatforms) = preSolution
		Debug|Any CPU = Debug|Any CPU
		Release|Any CPU = Release|Any CPU
	EndGlobalSection
	GlobalSection(ProjectConfigurationPlatforms) = postSolution
		{28336328-1383-4736-922E-247181EE7F24}.Debug|Any CPU.ActiveCfg = Debug|Any CPU
		{28336328-1383-4736-922E-247181EE7F24}.Debug|Any CPU.Build.0 = Debug|Any CPU
		{28336328-1383-4736-922E-247181EE7F24}.Release|Any CPU.ActiveCfg = Release|Any CPU
		{28336328-1383-4736-922E-247181EE7F24}.Release|Any CPU.Build.0 = Release|Any CPU
	EndGlobalSection
	GlobalSection(SolutionProperties) = preSolution
		HideSolutionNode = FALSE
	EndGlobalSection
	GlobalSection(ExtensibilityGlobals) = postSolution
		SolutionGuid = {299F46C8-67AB-49B4-A68C-30DB3069FECF}
	EndGlobalSection
EndGlobal
