
Microsoft Visual Studio Solution File, Format Version 12.00
# Visual Studio Version 17
VisualStudioVersion = 17.3.32901.215
MinimumVisualStudioVersion = 10.0.40219.1
Project("{FAE04EC0-301F-11D3-BF4B-00C04F79EFBC}") = "task-30", "task-30.csproj", "{66FABCF0-F6CE-4475-BE93-E8DDF81A63FF}"
EndProject
Global
	GlobalSection(SolutionConfigurationPlatforms) = preSolution
		Debug|Any CPU = Debug|Any CPU
		Release|Any CPU = Release|Any CPU
	EndGlobalSection
	GlobalSection(ProjectConfigurationPlatforms) = postSolution
		{66FABCF0-F6CE-4475-BE93-E8DDF81A63FF}.Debug|Any CPU.ActiveCfg = Debug|Any CPU
		{66FABCF0-F6CE-4475-BE93-E8DDF81A63FF}.Debug|Any CPU.Build.0 = Debug|Any CPU
		{66FABCF0-F6CE-4475-BE93-E8DDF81A63FF}.Release|Any CPU.ActiveCfg = Release|Any CPU
		{66FABCF0-F6CE-4475-BE93-E8DDF81A63FF}.Release|Any CPU.Build.0 = Release|Any CPU
	EndGlobalSection
	GlobalSection(SolutionProperties) = preSolution
		HideSolutionNode = FALSE
	EndGlobalSection
	GlobalSection(ExtensibilityGlobals) = postSolution
		SolutionGuid = {EB940D96-3EBC-41C7-8723-56E86AF81E7B}
	EndGlobalSection
EndGlobal
