
Microsoft Visual Studio Solution File, Format Version 12.00
# Visual Studio Version 17
VisualStudioVersion = 17.3.32901.215
MinimumVisualStudioVersion = 10.0.40219.1
Project("{FAE04EC0-301F-11D3-BF4B-00C04F79EFBC}") = "task-29", "task-29.csproj", "{AAA2CA25-8EB8-48BF-86A5-D94C658D48FB}"
EndProject
Global
	GlobalSection(SolutionConfigurationPlatforms) = preSolution
		Debug|Any CPU = Debug|Any CPU
		Release|Any CPU = Release|Any CPU
	EndGlobalSection
	GlobalSection(ProjectConfigurationPlatforms) = postSolution
		{AAA2CA25-8EB8-48BF-86A5-D94C658D48FB}.Debug|Any CPU.ActiveCfg = Debug|Any CPU
		{AAA2CA25-8EB8-48BF-86A5-D94C658D48FB}.Debug|Any CPU.Build.0 = Debug|Any CPU
		{AAA2CA25-8EB8-48BF-86A5-D94C658D48FB}.Release|Any CPU.ActiveCfg = Release|Any CPU
		{AAA2CA25-8EB8-48BF-86A5-D94C658D48FB}.Release|Any CPU.Build.0 = Release|Any CPU
	EndGlobalSection
	GlobalSection(SolutionProperties) = preSolution
		HideSolutionNode = FALSE
	EndGlobalSection
	GlobalSection(ExtensibilityGlobals) = postSolution
		SolutionGuid = {5FF7F684-EAC1-4190-8474-5571ED0A7A16}
	EndGlobalSection
EndGlobal
