
Microsoft Visual Studio Solution File, Format Version 12.00
# Visual Studio Version 17
VisualStudioVersion = 17.3.32929.385
MinimumVisualStudioVersion = 10.0.40219.1
Project("{FAE04EC0-301F-11D3-BF4B-00C04F79EFBC}") = "T6SaunaHeater", "T6SaunaHeater.csproj", "{C8BC3617-E928-4311-AFC6-98B46C8EB9F0}"
EndProject
Global
	GlobalSection(SolutionConfigurationPlatforms) = preSolution
		Debug|Any CPU = Debug|Any CPU
		Release|Any CPU = Release|Any CPU
	EndGlobalSection
	GlobalSection(ProjectConfigurationPlatforms) = postSolution
		{C8BC3617-E928-4311-AFC6-98B46C8EB9F0}.Debug|Any CPU.ActiveCfg = Debug|Any CPU
		{C8BC3617-E928-4311-AFC6-98B46C8EB9F0}.Debug|Any CPU.Build.0 = Debug|Any CPU
		{C8BC3617-E928-4311-AFC6-98B46C8EB9F0}.Release|Any CPU.ActiveCfg = Release|Any CPU
		{C8BC3617-E928-4311-AFC6-98B46C8EB9F0}.Release|Any CPU.Build.0 = Release|Any CPU
	EndGlobalSection
	GlobalSection(SolutionProperties) = preSolution
		HideSolutionNode = FALSE
	EndGlobalSection
	GlobalSection(ExtensibilityGlobals) = postSolution
		SolutionGuid = {2BC58CA2-9085-441D-B6CC-55D6B574F375}
	EndGlobalSection
EndGlobal
