
Microsoft Visual Studio Solution File, Format Version 12.00
# Visual Studio Version 17
VisualStudioVersion = 17.3.32901.215
MinimumVisualStudioVersion = 10.0.40219.1
Project("{FAE04EC0-301F-11D3-BF4B-00C04F79EFBC}") = "task36", "task36.csproj", "{5D19CC58-7E9F-4935-AEB0-8DEAAAAF8A28}"
EndProject
Global
	GlobalSection(SolutionConfigurationPlatforms) = preSolution
		Debug|Any CPU = Debug|Any CPU
		Release|Any CPU = Release|Any CPU
	EndGlobalSection
	GlobalSection(ProjectConfigurationPlatforms) = postSolution
		{5D19CC58-7E9F-4935-AEB0-8DEAAAAF8A28}.Debug|Any CPU.ActiveCfg = Debug|Any CPU
		{5D19CC58-7E9F-4935-AEB0-8DEAAAAF8A28}.Debug|Any CPU.Build.0 = Debug|Any CPU
		{5D19CC58-7E9F-4935-AEB0-8DEAAAAF8A28}.Release|Any CPU.ActiveCfg = Release|Any CPU
		{5D19CC58-7E9F-4935-AEB0-8DEAAAAF8A28}.Release|Any CPU.Build.0 = Release|Any CPU
	EndGlobalSection
	GlobalSection(SolutionProperties) = preSolution
		HideSolutionNode = FALSE
	EndGlobalSection
	GlobalSection(ExtensibilityGlobals) = postSolution
		SolutionGuid = {1216F6B4-1641-46D8-A643-5A5D1F99260B}
	EndGlobalSection
EndGlobal
