
Microsoft Visual Studio Solution File, Format Version 12.00
# Visual Studio Version 17
VisualStudioVersion = 17.3.32901.215
MinimumVisualStudioVersion = 10.0.40219.1
Project("{FAE04EC0-301F-11D3-BF4B-00C04F79EFBC}") = "task-24", "task-24.csproj", "{6376B19A-415E-4D36-A4A9-EE04F140949A}"
EndProject
Global
	GlobalSection(SolutionConfigurationPlatforms) = preSolution
		Debug|Any CPU = Debug|Any CPU
		Release|Any CPU = Release|Any CPU
	EndGlobalSection
	GlobalSection(ProjectConfigurationPlatforms) = postSolution
		{6376B19A-415E-4D36-A4A9-EE04F140949A}.Debug|Any CPU.ActiveCfg = Debug|Any CPU
		{6376B19A-415E-4D36-A4A9-EE04F140949A}.Debug|Any CPU.Build.0 = Debug|Any CPU
		{6376B19A-415E-4D36-A4A9-EE04F140949A}.Release|Any CPU.ActiveCfg = Release|Any CPU
		{6376B19A-415E-4D36-A4A9-EE04F140949A}.Release|Any CPU.Build.0 = Release|Any CPU
	EndGlobalSection
	GlobalSection(SolutionProperties) = preSolution
		HideSolutionNode = FALSE
	EndGlobalSection
	GlobalSection(ExtensibilityGlobals) = postSolution
		SolutionGuid = {6B963960-B5A3-4644-9778-FE56B22946A3}
	EndGlobalSection
EndGlobal
