
Microsoft Visual Studio Solution File, Format Version 12.00
# Visual Studio Version 17
VisualStudioVersion = 17.3.32901.215
MinimumVisualStudioVersion = 10.0.40219.1
Project("{FAE04EC0-301F-11D3-BF4B-00C04F79EFBC}") = "task32", "task32.csproj", "{C1AE368A-CC39-493C-AD5C-7FE658AF79AA}"
EndProject
Global
	GlobalSection(SolutionConfigurationPlatforms) = preSolution
		Debug|Any CPU = Debug|Any CPU
		Release|Any CPU = Release|Any CPU
	EndGlobalSection
	GlobalSection(ProjectConfigurationPlatforms) = postSolution
		{C1AE368A-CC39-493C-AD5C-7FE658AF79AA}.Debug|Any CPU.ActiveCfg = Debug|Any CPU
		{C1AE368A-CC39-493C-AD5C-7FE658AF79AA}.Debug|Any CPU.Build.0 = Debug|Any CPU
		{C1AE368A-CC39-493C-AD5C-7FE658AF79AA}.Release|Any CPU.ActiveCfg = Release|Any CPU
		{C1AE368A-CC39-493C-AD5C-7FE658AF79AA}.Release|Any CPU.Build.0 = Release|Any CPU
	EndGlobalSection
	GlobalSection(SolutionProperties) = preSolution
		HideSolutionNode = FALSE
	EndGlobalSection
	GlobalSection(ExtensibilityGlobals) = postSolution
		SolutionGuid = {F96721B4-006E-4ECC-B42E-2CD7D65E72FE}
	EndGlobalSection
EndGlobal
