
Microsoft Visual Studio Solution File, Format Version 12.00
# Visual Studio Version 17
VisualStudioVersion = 17.3.32901.215
MinimumVisualStudioVersion = 10.0.40219.1
Project("{FAE04EC0-301F-11D3-BF4B-00C04F79EFBC}") = "task-13", "task-13.csproj", "{46DB0B82-FC3B-4341-8083-0EAA4AE5ED01}"
EndProject
Global
	GlobalSection(SolutionConfigurationPlatforms) = preSolution
		Debug|Any CPU = Debug|Any CPU
		Release|Any CPU = Release|Any CPU
	EndGlobalSection
	GlobalSection(ProjectConfigurationPlatforms) = postSolution
		{46DB0B82-FC3B-4341-8083-0EAA4AE5ED01}.Debug|Any CPU.ActiveCfg = Debug|Any CPU
		{46DB0B82-FC3B-4341-8083-0EAA4AE5ED01}.Debug|Any CPU.Build.0 = Debug|Any CPU
		{46DB0B82-FC3B-4341-8083-0EAA4AE5ED01}.Release|Any CPU.ActiveCfg = Release|Any CPU
		{46DB0B82-FC3B-4341-8083-0EAA4AE5ED01}.Release|Any CPU.Build.0 = Release|Any CPU
	EndGlobalSection
	GlobalSection(SolutionProperties) = preSolution
		HideSolutionNode = FALSE
	EndGlobalSection
	GlobalSection(ExtensibilityGlobals) = postSolution
		SolutionGuid = {E26F3F49-7B95-40FE-BB99-CD7DEA22B23F}
	EndGlobalSection
EndGlobal
