
Microsoft Visual Studio Solution File, Format Version 12.00
# Visual Studio Version 17
VisualStudioVersion = 17.3.32901.215
MinimumVisualStudioVersion = 10.0.40219.1
Project("{FAE04EC0-301F-11D3-BF4B-00C04F79EFBC}") = "task-18", "task-18.csproj", "{F47A78E5-2A32-41F1-9261-A92C44A8A869}"
EndProject
Global
	GlobalSection(SolutionConfigurationPlatforms) = preSolution
		Debug|Any CPU = Debug|Any CPU
		Release|Any CPU = Release|Any CPU
	EndGlobalSection
	GlobalSection(ProjectConfigurationPlatforms) = postSolution
		{F47A78E5-2A32-41F1-9261-A92C44A8A869}.Debug|Any CPU.ActiveCfg = Debug|Any CPU
		{F47A78E5-2A32-41F1-9261-A92C44A8A869}.Debug|Any CPU.Build.0 = Debug|Any CPU
		{F47A78E5-2A32-41F1-9261-A92C44A8A869}.Release|Any CPU.ActiveCfg = Release|Any CPU
		{F47A78E5-2A32-41F1-9261-A92C44A8A869}.Release|Any CPU.Build.0 = Release|Any CPU
	EndGlobalSection
	GlobalSection(SolutionProperties) = preSolution
		HideSolutionNode = FALSE
	EndGlobalSection
	GlobalSection(ExtensibilityGlobals) = postSolution
		SolutionGuid = {416DB7A7-A14A-434C-89E8-F0A1FE35C7F7}
	EndGlobalSection
EndGlobal
