
Microsoft Visual Studio Solution File, Format Version 12.00
# Visual Studio Version 17
VisualStudioVersion = 17.3.32901.215
MinimumVisualStudioVersion = 10.0.40219.1
Project("{FAE04EC0-301F-11D3-BF4B-00C04F79EFBC}") = "task-9", "task-9.csproj", "{F322C869-3B97-4A11-A8C7-010A326C3C2E}"
EndProject
Global
	GlobalSection(SolutionConfigurationPlatforms) = preSolution
		Debug|Any CPU = Debug|Any CPU
		Release|Any CPU = Release|Any CPU
	EndGlobalSection
	GlobalSection(ProjectConfigurationPlatforms) = postSolution
		{F322C869-3B97-4A11-A8C7-010A326C3C2E}.Debug|Any CPU.ActiveCfg = Debug|Any CPU
		{F322C869-3B97-4A11-A8C7-010A326C3C2E}.Debug|Any CPU.Build.0 = Debug|Any CPU
		{F322C869-3B97-4A11-A8C7-010A326C3C2E}.Release|Any CPU.ActiveCfg = Release|Any CPU
		{F322C869-3B97-4A11-A8C7-010A326C3C2E}.Release|Any CPU.Build.0 = Release|Any CPU
	EndGlobalSection
	GlobalSection(SolutionProperties) = preSolution
		HideSolutionNode = FALSE
	EndGlobalSection
	GlobalSection(ExtensibilityGlobals) = postSolution
		SolutionGuid = {3F53C3F4-CBC0-4104-97DF-368D4685AAE9}
	EndGlobalSection
EndGlobal
