
Microsoft Visual Studio Solution File, Format Version 12.00
# Visual Studio Version 17
VisualStudioVersion = 17.3.32901.215
MinimumVisualStudioVersion = 10.0.40219.1
Project("{FAE04EC0-301F-11D3-BF4B-00C04F79EFBC}") = "task21", "task21.csproj", "{DFAC5A6C-ADDD-4C5E-9858-E687F2CAA1DD}"
EndProject
Global
	GlobalSection(SolutionConfigurationPlatforms) = preSolution
		Debug|Any CPU = Debug|Any CPU
		Release|Any CPU = Release|Any CPU
	EndGlobalSection
	GlobalSection(ProjectConfigurationPlatforms) = postSolution
		{DFAC5A6C-ADDD-4C5E-9858-E687F2CAA1DD}.Debug|Any CPU.ActiveCfg = Debug|Any CPU
		{DFAC5A6C-ADDD-4C5E-9858-E687F2CAA1DD}.Debug|Any CPU.Build.0 = Debug|Any CPU
		{DFAC5A6C-ADDD-4C5E-9858-E687F2CAA1DD}.Release|Any CPU.ActiveCfg = Release|Any CPU
		{DFAC5A6C-ADDD-4C5E-9858-E687F2CAA1DD}.Release|Any CPU.Build.0 = Release|Any CPU
	EndGlobalSection
	GlobalSection(SolutionProperties) = preSolution
		HideSolutionNode = FALSE
	EndGlobalSection
	GlobalSection(ExtensibilityGlobals) = postSolution
		SolutionGuid = {C360C487-B260-48E5-BE94-5AC7DC867CB7}
	EndGlobalSection
EndGlobal
